
Microsoft Visual Studio Solution File, Format Version 12.00
# Visual Studio Version 17
VisualStudioVersion = 17.7.34221.43
MinimumVisualStudioVersion = 16.0.0.0
Project("{9A19103F-16F7-4668-BE54-9A1E7A4F7556}") = "RpgGame.Windows", "RpgGame.Windows\RpgGame.Windows.csproj", "{FE7194E5-D507-4480-AD0C-436C216F26F6}"
EndProject
Project("{9A19103F-16F7-4668-BE54-9A1E7A4F7556}") = "RpgGame", "RpgGame\RpgGame.csproj", "{8E6FB6C9-81B1-4B76-93C7-BC86C4DFAAC5}"
EndProject
Global
	GlobalSection(SolutionConfigurationPlatforms) = preSolution
		Debug|Any CPU = Debug|Any CPU
		Release|Any CPU = Release|Any CPU
	EndGlobalSection
	GlobalSection(ProjectConfigurationPlatforms) = postSolution
		{FE7194E5-D507-4480-AD0C-436C216F26F6}.Debug|Any CPU.ActiveCfg = Debug|Any CPU
		{FE7194E5-D507-4480-AD0C-436C216F26F6}.Debug|Any CPU.Build.0 = Debug|Any CPU
		{FE7194E5-D507-4480-AD0C-436C216F26F6}.Release|Any CPU.ActiveCfg = Release|Any CPU
		{FE7194E5-D507-4480-AD0C-436C216F26F6}.Release|Any CPU.Build.0 = Release|Any CPU
		{8E6FB6C9-81B1-4B76-93C7-BC86C4DFAAC5}.Debug|Any CPU.ActiveCfg = Debug|Any CPU
		{8E6FB6C9-81B1-4B76-93C7-BC86C4DFAAC5}.Debug|Any CPU.Build.0 = Debug|Any CPU
		{8E6FB6C9-81B1-4B76-93C7-BC86C4DFAAC5}.Release|Any CPU.ActiveCfg = Release|Any CPU
		{8E6FB6C9-81B1-4B76-93C7-BC86C4DFAAC5}.Release|Any CPU.Build.0 = Release|Any CPU
	EndGlobalSection
	GlobalSection(SolutionProperties) = preSolution
		HideSolutionNode = FALSE
	EndGlobalSection
EndGlobal
